
Microsoft Visual Studio Solution File, Format Version 12.00
# Visual Studio Version 17
VisualStudioVersion = 17.11.35222.181
MinimumVisualStudioVersion = 10.0.40219.1
Project("{9A19103F-16F7-4668-BE54-9A1E7A4F7556}") = "Library", "Library\Library.csproj", "{36EEC605-DB82-4906-9977-15478196A17B}"
EndProject
Project("{9A19103F-16F7-4668-BE54-9A1E7A4F7556}") = "Library.BLL", "Library.BLL\Library.BLL.csproj", "{C93D30FE-722F-43A7-B2C8-BB5634BF6B09}"
EndProject
Project("{9A19103F-16F7-4668-BE54-9A1E7A4F7556}") = "Library.DAL", "Library.DAL\Library.DAL.csproj", "{B2AAEB85-5243-45F8-B2A3-0617A760C103}"
EndProject
Global
	GlobalSection(SolutionConfigurationPlatforms) = preSolution
		Debug|Any CPU = Debug|Any CPU
		Release|Any CPU = Release|Any CPU
	EndGlobalSection
	GlobalSection(ProjectConfigurationPlatforms) = postSolution
		{36EEC605-DB82-4906-9977-15478196A17B}.Debug|Any CPU.ActiveCfg = Debug|Any CPU
		{36EEC605-DB82-4906-9977-15478196A17B}.Debug|Any CPU.Build.0 = Debug|Any CPU
		{36EEC605-DB82-4906-9977-15478196A17B}.Release|Any CPU.ActiveCfg = Release|Any CPU
		{36EEC605-DB82-4906-9977-15478196A17B}.Release|Any CPU.Build.0 = Release|Any CPU
		{C93D30FE-722F-43A7-B2C8-BB5634BF6B09}.Debug|Any CPU.ActiveCfg = Debug|Any CPU
		{C93D30FE-722F-43A7-B2C8-BB5634BF6B09}.Debug|Any CPU.Build.0 = Debug|Any CPU
		{C93D30FE-722F-43A7-B2C8-BB5634BF6B09}.Release|Any CPU.ActiveCfg = Release|Any CPU
		{C93D30FE-722F-43A7-B2C8-BB5634BF6B09}.Release|Any CPU.Build.0 = Release|Any CPU
		{B2AAEB85-5243-45F8-B2A3-0617A760C103}.Debug|Any CPU.ActiveCfg = Debug|Any CPU
		{B2AAEB85-5243-45F8-B2A3-0617A760C103}.Debug|Any CPU.Build.0 = Debug|Any CPU
		{B2AAEB85-5243-45F8-B2A3-0617A760C103}.Release|Any CPU.ActiveCfg = Release|Any CPU
		{B2AAEB85-5243-45F8-B2A3-0617A760C103}.Release|Any CPU.Build.0 = Release|Any CPU
	EndGlobalSection
	GlobalSection(SolutionProperties) = preSolution
		HideSolutionNode = FALSE
	EndGlobalSection
	GlobalSection(ExtensibilityGlobals) = postSolution
		SolutionGuid = {16BAF849-6FCB-4E5B-928E-353491A63C9F}
	EndGlobalSection
EndGlobal
